
Microsoft Visual Studio Solution File, Format Version 12.00
# Visual Studio Version 17
VisualStudioVersion = 17.10.35201.131
MinimumVisualStudioVersion = 10.0.40219.1
Project("{9A19103F-16F7-4668-BE54-9A1E7A4F7556}") = "EgyptWalks.API", "EgyptWalks.API\EgyptWalks.API.csproj", "{3A98C1C9-2A7E-4D48-9CCE-DBDAA289E617}"
EndProject
Project("{9A19103F-16F7-4668-BE54-9A1E7A4F7556}") = "EgyptWalks.Core", "EgyptWalks.Core\EgyptWalks.Core.csproj", "{F5203845-6277-41AD-9514-392D6143E806}"
EndProject
Project("{9A19103F-16F7-4668-BE54-9A1E7A4F7556}") = "EgyptWalks.Repository", "EgyptWalks.Repository\EgyptWalks.Repository.csproj", "{DFE9D851-BCE3-4233-B0D0-DFA1804BC336}"
EndProject
Project("{9A19103F-16F7-4668-BE54-9A1E7A4F7556}") = "EgyptWalks.Service", "EgyptWalks.Service\EgyptWalks.Service.csproj", "{1922C523-010A-49C5-B602-17715C5E492C}"
EndProject
Project("{FAE04EC0-301F-11D3-BF4B-00C04F79EFBC}") = "EgyptWalks.WebApp", "EgyptWalks.WebApp\EgyptWalks.WebApp.csproj", "{B0FB0CCD-D0C0-4534-8CDA-4B0A84BF9DCF}"
EndProject
Global
	GlobalSection(SolutionConfigurationPlatforms) = preSolution
		Debug|Any CPU = Debug|Any CPU
		Release|Any CPU = Release|Any CPU
	EndGlobalSection
	GlobalSection(ProjectConfigurationPlatforms) = postSolution
		{3A98C1C9-2A7E-4D48-9CCE-DBDAA289E617}.Debug|Any CPU.ActiveCfg = Debug|Any CPU
		{3A98C1C9-2A7E-4D48-9CCE-DBDAA289E617}.Debug|Any CPU.Build.0 = Debug|Any CPU
		{3A98C1C9-2A7E-4D48-9CCE-DBDAA289E617}.Release|Any CPU.ActiveCfg = Release|Any CPU
		{3A98C1C9-2A7E-4D48-9CCE-DBDAA289E617}.Release|Any CPU.Build.0 = Release|Any CPU
		{F5203845-6277-41AD-9514-392D6143E806}.Debug|Any CPU.ActiveCfg = Debug|Any CPU
		{F5203845-6277-41AD-9514-392D6143E806}.Debug|Any CPU.Build.0 = Debug|Any CPU
		{F5203845-6277-41AD-9514-392D6143E806}.Release|Any CPU.ActiveCfg = Release|Any CPU
		{F5203845-6277-41AD-9514-392D6143E806}.Release|Any CPU.Build.0 = Release|Any CPU
		{DFE9D851-BCE3-4233-B0D0-DFA1804BC336}.Debug|Any CPU.ActiveCfg = Debug|Any CPU
		{DFE9D851-BCE3-4233-B0D0-DFA1804BC336}.Debug|Any CPU.Build.0 = Debug|Any CPU
		{DFE9D851-BCE3-4233-B0D0-DFA1804BC336}.Release|Any CPU.ActiveCfg = Release|Any CPU
		{DFE9D851-BCE3-4233-B0D0-DFA1804BC336}.Release|Any CPU.Build.0 = Release|Any CPU
		{1922C523-010A-49C5-B602-17715C5E492C}.Debug|Any CPU.ActiveCfg = Debug|Any CPU
		{1922C523-010A-49C5-B602-17715C5E492C}.Debug|Any CPU.Build.0 = Debug|Any CPU
		{1922C523-010A-49C5-B602-17715C5E492C}.Release|Any CPU.ActiveCfg = Release|Any CPU
		{1922C523-010A-49C5-B602-17715C5E492C}.Release|Any CPU.Build.0 = Release|Any CPU
		{B0FB0CCD-D0C0-4534-8CDA-4B0A84BF9DCF}.Debug|Any CPU.ActiveCfg = Debug|Any CPU
		{B0FB0CCD-D0C0-4534-8CDA-4B0A84BF9DCF}.Debug|Any CPU.Build.0 = Debug|Any CPU
		{B0FB0CCD-D0C0-4534-8CDA-4B0A84BF9DCF}.Release|Any CPU.ActiveCfg = Release|Any CPU
		{B0FB0CCD-D0C0-4534-8CDA-4B0A84BF9DCF}.Release|Any CPU.Build.0 = Release|Any CPU
	EndGlobalSection
	GlobalSection(SolutionProperties) = preSolution
		HideSolutionNode = FALSE
	EndGlobalSection
	GlobalSection(ExtensibilityGlobals) = postSolution
		SolutionGuid = {39664F21-1DD5-4506-AEC7-AC09D54B4EAC}
	EndGlobalSection
EndGlobal
